# This file is automatically @generated by Cargo.
# It is not intended for manual editing.
version = 3

[[package]]
name = "day_1"
version = "0.1.0"
dependencies = [
 "env",
]

[[package]]
name = "env"
version = "0.0.0"
source = "registry+https://github.com/rust-lang/crates.io-index"
checksum = "876927d21ef1ae98001c8c35a1d8dfd682136914b23ef04276820fa6d43c3630"
